// !$*UTF8*$!
{
	archiveVersion = 1;
	classes = {
	};
	objectVersion = 56;
	objects = {

/* Begin PBXBuildFile section */
		96A94D152C3CC535008CFC18 /* TrainArrivalList.swift in Sources */ = {isa = PBXBuildFile; fileRef = 96A94D142C3CC535008CFC18 /* TrainArrivalList.swift */; };
		96C5143F2C375202009CAE08 /* SubwaysApp.swift in Sources */ = {isa = PBXBuildFile; fileRef = 96C5143E2C375202009CAE08 /* SubwaysApp.swift */; };
		96C514412C375202009CAE08 /* ContentView.swift in Sources */ = {isa = PBXBuildFile; fileRef = 96C514402C375202009CAE08 /* ContentView.swift */; };
		96C514452C375203009CAE08 /* Assets.xcassets in Resources */ = {isa = PBXBuildFile; fileRef = 96C514442C375203009CAE08 /* Assets.xcassets */; };
		96C514492C375203009CAE08 /* Preview Assets.xcassets in Resources */ = {isa = PBXBuildFile; fileRef = 96C514482C375203009CAE08 /* Preview Assets.xcassets */; };
		96C514532C375203009CAE08 /* SubwaysTests.swift in Sources */ = {isa = PBXBuildFile; fileRef = 96C514522C375203009CAE08 /* SubwaysTests.swift */; };
		96C5145D2C375203009CAE08 /* SubwaysUITests.swift in Sources */ = {isa = PBXBuildFile; fileRef = 96C5145C2C375203009CAE08 /* SubwaysUITests.swift */; };
		96C5145F2C375203009CAE08 /* SubwaysUITestsLaunchTests.swift in Sources */ = {isa = PBXBuildFile; fileRef = 96C5145E2C375203009CAE08 /* SubwaysUITestsLaunchTests.swift */; };
		96C514742C375588009CAE08 /* SwiftProtobuf in Frameworks */ = {isa = PBXBuildFile; productRef = 96C514732C375588009CAE08 /* SwiftProtobuf */; };
		96C514762C375588009CAE08 /* SwiftProtobufPluginLibrary in Frameworks */ = {isa = PBXBuildFile; productRef = 96C514752C375588009CAE08 /* SwiftProtobufPluginLibrary */; };
		96C5147B2C375E9E009CAE08 /* gtfs-realtime-NYCT.pb.swift in Sources */ = {isa = PBXBuildFile; fileRef = 96C514792C375E9E009CAE08 /* gtfs-realtime-NYCT.pb.swift */; };
		96C5147C2C375E9E009CAE08 /* gtfs-realtime.pb.swift in Sources */ = {isa = PBXBuildFile; fileRef = 96C5147A2C375E9E009CAE08 /* gtfs-realtime.pb.swift */; };
		96C5147E2C376608009CAE08 /* MTAService.swift in Sources */ = {isa = PBXBuildFile; fileRef = 96C5147D2C376608009CAE08 /* MTAService.swift */; };
		96C514812C376C1A009CAE08 /* TrainArrival.swift in Sources */ = {isa = PBXBuildFile; fileRef = 96C514802C376C1A009CAE08 /* TrainArrival.swift */; };
		96C514832C376C33009CAE08 /* Route.swift in Sources */ = {isa = PBXBuildFile; fileRef = 96C514822C376C33009CAE08 /* Route.swift */; };
		96C514872C379322009CAE08 /* Direction.swift in Sources */ = {isa = PBXBuildFile; fileRef = 96C514862C379322009CAE08 /* Direction.swift */; };
		96C5148C2C379A0A009CAE08 /* Collections in Frameworks */ = {isa = PBXBuildFile; productRef = 96C5148B2C379A0A009CAE08 /* Collections */; };
		96C5148E2C379A0A009CAE08 /* HeapModule in Frameworks */ = {isa = PBXBuildFile; productRef = 96C5148D2C379A0A009CAE08 /* HeapModule */; };
		96C514912C379DE1009CAE08 /* TrainArrivalListItem.swift in Sources */ = {isa = PBXBuildFile; fileRef = 96C514902C379DE1009CAE08 /* TrainArrivalListItem.swift */; };
		96C514932C379E8A009CAE08 /* RouteSymbol.swift in Sources */ = {isa = PBXBuildFile; fileRef = 96C514922C379E8A009CAE08 /* RouteSymbol.swift */; };
		96C5149E2C37A618009CAE08 /* agency.txt in Resources */ = {isa = PBXBuildFile; fileRef = 96C514942C37A618009CAE08 /* agency.txt */; };
		96C5149F2C37A618009CAE08 /* calendar_dates.txt in Resources */ = {isa = PBXBuildFile; fileRef = 96C514952C37A618009CAE08 /* calendar_dates.txt */; };
		96C514A02C37A618009CAE08 /* calendar.txt in Resources */ = {isa = PBXBuildFile; fileRef = 96C514962C37A618009CAE08 /* calendar.txt */; };
		96C514A12C37A618009CAE08 /* routes.txt in Resources */ = {isa = PBXBuildFile; fileRef = 96C514972C37A618009CAE08 /* routes.txt */; };
		96C514A22C37A618009CAE08 /* shapes.txt in Resources */ = {isa = PBXBuildFile; fileRef = 96C514982C37A618009CAE08 /* shapes.txt */; };
		96C514A32C37A618009CAE08 /* stop_times.txt in Resources */ = {isa = PBXBuildFile; fileRef = 96C514992C37A618009CAE08 /* stop_times.txt */; };
		96C514A42C37A618009CAE08 /* stops.txt in Resources */ = {isa = PBXBuildFile; fileRef = 96C5149A2C37A618009CAE08 /* stops.txt */; };
		96C514A52C37A618009CAE08 /* transfers.txt in Resources */ = {isa = PBXBuildFile; fileRef = 96C5149B2C37A618009CAE08 /* transfers.txt */; };
		96C514A62C37A618009CAE08 /* trips.txt in Resources */ = {isa = PBXBuildFile; fileRef = 96C5149C2C37A618009CAE08 /* trips.txt */; };
		96C514AA2C37B71B009CAE08 /* Station.swift in Sources */ = {isa = PBXBuildFile; fileRef = 96C514A92C37B71B009CAE08 /* Station.swift */; };
		96C514B42C3AF1AE009CAE08 /* FavoriteStationsView.swift in Sources */ = {isa = PBXBuildFile; fileRef = 96C514B32C3AF1AE009CAE08 /* FavoriteStationsView.swift */; };
		96C514B62C3AF2B4009CAE08 /* StationRouteSymbols.swift in Sources */ = {isa = PBXBuildFile; fileRef = 96C514B52C3AF2B4009CAE08 /* StationRouteSymbols.swift */; };
		96C514B82C3B03B6009CAE08 /* SearchForStationView.swift in Sources */ = {isa = PBXBuildFile; fileRef = 96C514B72C3B03B6009CAE08 /* SearchForStationView.swift */; };
		96E4DD942D21323E00DEA3B3 /* QueryStatusLabel.swift in Sources */ = {isa = PBXBuildFile; fileRef = 96E4DD932D21323E00DEA3B3 /* QueryStatusLabel.swift */; };
		96E4DD982D21F3A000DEA3B3 /* LastUpdateLabel.swift in Sources */ = {isa = PBXBuildFile; fileRef = 96E4DD972D21F3A000DEA3B3 /* LastUpdateLabel.swift */; };
		96E4DD9A2D21F43F00DEA3B3 /* StationArrivalsView.swift in Sources */ = {isa = PBXBuildFile; fileRef = 96E4DD992D21F43F00DEA3B3 /* StationArrivalsView.swift */; };
		96E4DD9F2D23252500DEA3B3 /* ViewModel.swift in Sources */ = {isa = PBXBuildFile; fileRef = 96E4DD9E2D23252500DEA3B3 /* ViewModel.swift */; };
		96E4DDA12D23700C00DEA3B3 /* StationButton.swift in Sources */ = {isa = PBXBuildFile; fileRef = 96E4DDA02D23700C00DEA3B3 /* StationButton.swift */; };
/* End PBXBuildFile section */

/* Begin PBXContainerItemProxy section */
		96C5144F2C375203009CAE08 /* PBXContainerItemProxy */ = {
			isa = PBXContainerItemProxy;
			containerPortal = 96C514332C375202009CAE08 /* Project object */;
			proxyType = 1;
			remoteGlobalIDString = 96C5143A2C375202009CAE08;
			remoteInfo = Subways;
		};
		96C514592C375203009CAE08 /* PBXContainerItemProxy */ = {
			isa = PBXContainerItemProxy;
			containerPortal = 96C514332C375202009CAE08 /* Project object */;
			proxyType = 1;
			remoteGlobalIDString = 96C5143A2C375202009CAE08;
			remoteInfo = Subways;
		};
/* End PBXContainerItemProxy section */

/* Begin PBXFileReference section */
		96A94D142C3CC535008CFC18 /* TrainArrivalList.swift */ = {isa = PBXFileReference; lastKnownFileType = sourcecode.swift; path = TrainArrivalList.swift; sourceTree = "<group>"; };
		96C5143B2C375202009CAE08 /* Subways.app */ = {isa = PBXFileReference; explicitFileType = wrapper.application; includeInIndex = 0; path = Subways.app; sourceTree = BUILT_PRODUCTS_DIR; };
		96C5143E2C375202009CAE08 /* SubwaysApp.swift */ = {isa = PBXFileReference; lastKnownFileType = sourcecode.swift; path = SubwaysApp.swift; sourceTree = "<group>"; };
		96C514402C375202009CAE08 /* ContentView.swift */ = {isa = PBXFileReference; lastKnownFileType = sourcecode.swift; path = ContentView.swift; sourceTree = "<group>"; };
		96C514442C375203009CAE08 /* Assets.xcassets */ = {isa = PBXFileReference; lastKnownFileType = folder.assetcatalog; path = Assets.xcassets; sourceTree = "<group>"; };
		96C514462C375203009CAE08 /* Subways.entitlements */ = {isa = PBXFileReference; lastKnownFileType = text.plist.entitlements; path = Subways.entitlements; sourceTree = "<group>"; };
		96C514482C375203009CAE08 /* Preview Assets.xcassets */ = {isa = PBXFileReference; lastKnownFileType = folder.assetcatalog; path = "Preview Assets.xcassets"; sourceTree = "<group>"; };
		96C5144E2C375203009CAE08 /* SubwaysTests.xctest */ = {isa = PBXFileReference; explicitFileType = wrapper.cfbundle; includeInIndex = 0; path = SubwaysTests.xctest; sourceTree = BUILT_PRODUCTS_DIR; };
		96C514522C375203009CAE08 /* SubwaysTests.swift */ = {isa = PBXFileReference; lastKnownFileType = sourcecode.swift; path = SubwaysTests.swift; sourceTree = "<group>"; };
		96C514582C375203009CAE08 /* SubwaysUITests.xctest */ = {isa = PBXFileReference; explicitFileType = wrapper.cfbundle; includeInIndex = 0; path = SubwaysUITests.xctest; sourceTree = BUILT_PRODUCTS_DIR; };
		96C5145C2C375203009CAE08 /* SubwaysUITests.swift */ = {isa = PBXFileReference; lastKnownFileType = sourcecode.swift; path = SubwaysUITests.swift; sourceTree = "<group>"; };
		96C5145E2C375203009CAE08 /* SubwaysUITestsLaunchTests.swift */ = {isa = PBXFileReference; lastKnownFileType = sourcecode.swift; path = SubwaysUITestsLaunchTests.swift; sourceTree = "<group>"; };
		96C514792C375E9E009CAE08 /* gtfs-realtime-NYCT.pb.swift */ = {isa = PBXFileReference; fileEncoding = 4; lastKnownFileType = sourcecode.swift; path = "gtfs-realtime-NYCT.pb.swift"; sourceTree = "<group>"; };
		96C5147A2C375E9E009CAE08 /* gtfs-realtime.pb.swift */ = {isa = PBXFileReference; fileEncoding = 4; lastKnownFileType = sourcecode.swift; path = "gtfs-realtime.pb.swift"; sourceTree = "<group>"; };
		96C5147D2C376608009CAE08 /* MTAService.swift */ = {isa = PBXFileReference; lastKnownFileType = sourcecode.swift; path = MTAService.swift; sourceTree = "<group>"; };
		96C514802C376C1A009CAE08 /* TrainArrival.swift */ = {isa = PBXFileReference; lastKnownFileType = sourcecode.swift; path = TrainArrival.swift; sourceTree = "<group>"; };
		96C514822C376C33009CAE08 /* Route.swift */ = {isa = PBXFileReference; lastKnownFileType = sourcecode.swift; path = Route.swift; sourceTree = "<group>"; };
		96C514862C379322009CAE08 /* Direction.swift */ = {isa = PBXFileReference; lastKnownFileType = sourcecode.swift; path = Direction.swift; sourceTree = "<group>"; };
		96C514902C379DE1009CAE08 /* TrainArrivalListItem.swift */ = {isa = PBXFileReference; lastKnownFileType = sourcecode.swift; path = TrainArrivalListItem.swift; sourceTree = "<group>"; };
		96C514922C379E8A009CAE08 /* RouteSymbol.swift */ = {isa = PBXFileReference; lastKnownFileType = sourcecode.swift; path = RouteSymbol.swift; sourceTree = "<group>"; };
		96C514942C37A618009CAE08 /* agency.txt */ = {isa = PBXFileReference; fileEncoding = 4; lastKnownFileType = text; path = agency.txt; sourceTree = "<group>"; };
		96C514952C37A618009CAE08 /* calendar_dates.txt */ = {isa = PBXFileReference; fileEncoding = 4; lastKnownFileType = text; path = calendar_dates.txt; sourceTree = "<group>"; };
		96C514962C37A618009CAE08 /* calendar.txt */ = {isa = PBXFileReference; fileEncoding = 4; lastKnownFileType = text; path = calendar.txt; sourceTree = "<group>"; };
		96C514972C37A618009CAE08 /* routes.txt */ = {isa = PBXFileReference; fileEncoding = 4; lastKnownFileType = text; path = routes.txt; sourceTree = "<group>"; };
		96C514982C37A618009CAE08 /* shapes.txt */ = {isa = PBXFileReference; fileEncoding = 4; lastKnownFileType = text; path = shapes.txt; sourceTree = "<group>"; };
		96C514992C37A618009CAE08 /* stop_times.txt */ = {isa = PBXFileReference; fileEncoding = 4; lastKnownFileType = text; path = stop_times.txt; sourceTree = "<group>"; };
		96C5149A2C37A618009CAE08 /* stops.txt */ = {isa = PBXFileReference; fileEncoding = 4; lastKnownFileType = text; path = stops.txt; sourceTree = "<group>"; };
		96C5149B2C37A618009CAE08 /* transfers.txt */ = {isa = PBXFileReference; fileEncoding = 4; lastKnownFileType = text; path = transfers.txt; sourceTree = "<group>"; };
		96C5149C2C37A618009CAE08 /* trips.txt */ = {isa = PBXFileReference; fileEncoding = 4; lastKnownFileType = text; path = trips.txt; sourceTree = "<group>"; };
		96C514A92C37B71B009CAE08 /* Station.swift */ = {isa = PBXFileReference; lastKnownFileType = sourcecode.swift; path = Station.swift; sourceTree = "<group>"; };
		96C514B32C3AF1AE009CAE08 /* FavoriteStationsView.swift */ = {isa = PBXFileReference; lastKnownFileType = sourcecode.swift; path = FavoriteStationsView.swift; sourceTree = "<group>"; };
		96C514B52C3AF2B4009CAE08 /* StationRouteSymbols.swift */ = {isa = PBXFileReference; lastKnownFileType = sourcecode.swift; path = StationRouteSymbols.swift; sourceTree = "<group>"; };
		96C514B72C3B03B6009CAE08 /* SearchForStationView.swift */ = {isa = PBXFileReference; lastKnownFileType = sourcecode.swift; path = SearchForStationView.swift; sourceTree = "<group>"; };
		96E4DD932D21323E00DEA3B3 /* QueryStatusLabel.swift */ = {isa = PBXFileReference; lastKnownFileType = sourcecode.swift; path = QueryStatusLabel.swift; sourceTree = "<group>"; };
		96E4DD972D21F3A000DEA3B3 /* LastUpdateLabel.swift */ = {isa = PBXFileReference; lastKnownFileType = sourcecode.swift; path = LastUpdateLabel.swift; sourceTree = "<group>"; };
		96E4DD992D21F43F00DEA3B3 /* StationArrivalsView.swift */ = {isa = PBXFileReference; lastKnownFileType = sourcecode.swift; path = StationArrivalsView.swift; sourceTree = "<group>"; };
		96E4DD9E2D23252500DEA3B3 /* ViewModel.swift */ = {isa = PBXFileReference; lastKnownFileType = sourcecode.swift; path = ViewModel.swift; sourceTree = "<group>"; };
		96E4DDA02D23700C00DEA3B3 /* StationButton.swift */ = {isa = PBXFileReference; lastKnownFileType = sourcecode.swift; path = StationButton.swift; sourceTree = "<group>"; };
/* End PBXFileReference section */

/* Begin PBXFrameworksBuildPhase section */
		96C514382C375202009CAE08 /* Frameworks */ = {
			isa = PBXFrameworksBuildPhase;
			buildActionMask = 2147483647;
			files = (
				96C5148C2C379A0A009CAE08 /* Collections in Frameworks */,
				96C514762C375588009CAE08 /* SwiftProtobufPluginLibrary in Frameworks */,
				96C5148E2C379A0A009CAE08 /* HeapModule in Frameworks */,
				96C514742C375588009CAE08 /* SwiftProtobuf in Frameworks */,
			);
			runOnlyForDeploymentPostprocessing = 0;
		};
		96C5144B2C375203009CAE08 /* Frameworks */ = {
			isa = PBXFrameworksBuildPhase;
			buildActionMask = 2147483647;
			files = (
			);
			runOnlyForDeploymentPostprocessing = 0;
		};
		96C514552C375203009CAE08 /* Frameworks */ = {
			isa = PBXFrameworksBuildPhase;
			buildActionMask = 2147483647;
			files = (
			);
			runOnlyForDeploymentPostprocessing = 0;
		};
/* End PBXFrameworksBuildPhase section */

/* Begin PBXGroup section */
		96C514322C375202009CAE08 = {
			isa = PBXGroup;
			children = (
				96C5143D2C375202009CAE08 /* Subways */,
				96C514512C375203009CAE08 /* SubwaysTests */,
				96C5145B2C375203009CAE08 /* SubwaysUITests */,
				96C5143C2C375202009CAE08 /* Products */,
			);
			sourceTree = "<group>";
		};
		96C5143C2C375202009CAE08 /* Products */ = {
			isa = PBXGroup;
			children = (
				96C5143B2C375202009CAE08 /* Subways.app */,
				96C5144E2C375203009CAE08 /* SubwaysTests.xctest */,
				96C514582C375203009CAE08 /* SubwaysUITests.xctest */,
			);
			name = Products;
			sourceTree = "<group>";
		};
		96C5143D2C375202009CAE08 /* Subways */ = {
			isa = PBXGroup;
			children = (
				96C5149D2C37A618009CAE08 /* static_data */,
				96C5148F2C379DBD009CAE08 /* view_elements */,
				96C5146E2C37551A009CAE08 /* proto */,
				96C5143E2C375202009CAE08 /* SubwaysApp.swift */,
				96C514402C375202009CAE08 /* ContentView.swift */,
				96C514B72C3B03B6009CAE08 /* SearchForStationView.swift */,
				96C514B32C3AF1AE009CAE08 /* FavoriteStationsView.swift */,
				96C5147F2C376BF5009CAE08 /* model */,
				96C514B22C39F3F8009CAE08 /* data */,
				96C514442C375203009CAE08 /* Assets.xcassets */,
				96C514462C375203009CAE08 /* Subways.entitlements */,
				96C514472C375203009CAE08 /* Preview Content */,
			);
			path = Subways;
			sourceTree = "<group>";
		};
		96C514472C375203009CAE08 /* Preview Content */ = {
			isa = PBXGroup;
			children = (
				96C514482C375203009CAE08 /* Preview Assets.xcassets */,
			);
			path = "Preview Content";
			sourceTree = "<group>";
		};
		96C514512C375203009CAE08 /* SubwaysTests */ = {
			isa = PBXGroup;
			children = (
				96C514522C375203009CAE08 /* SubwaysTests.swift */,
			);
			path = SubwaysTests;
			sourceTree = "<group>";
		};
		96C5145B2C375203009CAE08 /* SubwaysUITests */ = {
			isa = PBXGroup;
			children = (
				96C5145C2C375203009CAE08 /* SubwaysUITests.swift */,
				96C5145E2C375203009CAE08 /* SubwaysUITestsLaunchTests.swift */,
			);
			path = SubwaysUITests;
			sourceTree = "<group>";
		};
		96C5146E2C37551A009CAE08 /* proto */ = {
			isa = PBXGroup;
			children = (
				96C514792C375E9E009CAE08 /* gtfs-realtime-NYCT.pb.swift */,
				96C5147A2C375E9E009CAE08 /* gtfs-realtime.pb.swift */,
			);
			path = proto;
			sourceTree = "<group>";
		};
		96C5147F2C376BF5009CAE08 /* model */ = {
			isa = PBXGroup;
			children = (
				96C514802C376C1A009CAE08 /* TrainArrival.swift */,
				96C514822C376C33009CAE08 /* Route.swift */,
				96C514862C379322009CAE08 /* Direction.swift */,
				96C514A92C37B71B009CAE08 /* Station.swift */,
				96E4DD9E2D23252500DEA3B3 /* ViewModel.swift */,
			);
			path = model;
			sourceTree = "<group>";
		};
		96C5148F2C379DBD009CAE08 /* view_elements */ = {
			isa = PBXGroup;
			children = (
				96E4DD962D21F37400DEA3B3 /* status */,
				96E4DD952D21F20400DEA3B3 /* arrival */,
				96C514922C379E8A009CAE08 /* RouteSymbol.swift */,
				96C514B52C3AF2B4009CAE08 /* StationRouteSymbols.swift */,
				96E4DDA02D23700C00DEA3B3 /* StationButton.swift */,
			);
			path = view_elements;
			sourceTree = "<group>";
		};
		96C5149D2C37A618009CAE08 /* static_data */ = {
			isa = PBXGroup;
			children = (
				96C514942C37A618009CAE08 /* agency.txt */,
				96C514952C37A618009CAE08 /* calendar_dates.txt */,
				96C514962C37A618009CAE08 /* calendar.txt */,
				96C514972C37A618009CAE08 /* routes.txt */,
				96C514982C37A618009CAE08 /* shapes.txt */,
				96C514992C37A618009CAE08 /* stop_times.txt */,
				96C5149A2C37A618009CAE08 /* stops.txt */,
				96C5149B2C37A618009CAE08 /* transfers.txt */,
				96C5149C2C37A618009CAE08 /* trips.txt */,
			);
			path = static_data;
			sourceTree = "<group>";
		};
		96C514B22C39F3F8009CAE08 /* data */ = {
			isa = PBXGroup;
			children = (
				96C5147D2C376608009CAE08 /* MTAService.swift */,
			);
			path = data;
			sourceTree = "<group>";
		};
		96E4DD952D21F20400DEA3B3 /* arrival */ = {
			isa = PBXGroup;
			children = (
				96C514902C379DE1009CAE08 /* TrainArrivalListItem.swift */,
				96A94D142C3CC535008CFC18 /* TrainArrivalList.swift */,
				96E4DD992D21F43F00DEA3B3 /* StationArrivalsView.swift */,
			);
			path = arrival;
			sourceTree = "<group>";
		};
		96E4DD962D21F37400DEA3B3 /* status */ = {
			isa = PBXGroup;
			children = (
				96E4DD932D21323E00DEA3B3 /* QueryStatusLabel.swift */,
				96E4DD972D21F3A000DEA3B3 /* LastUpdateLabel.swift */,
			);
			path = status;
			sourceTree = "<group>";
		};
/* End PBXGroup section */

/* Begin PBXNativeTarget section */
		96C5143A2C375202009CAE08 /* Subways */ = {
			isa = PBXNativeTarget;
			buildConfigurationList = 96C514622C375203009CAE08 /* Build configuration list for PBXNativeTarget "Subways" */;
			buildPhases = (
				96C514372C375202009CAE08 /* Sources */,
				96C514382C375202009CAE08 /* Frameworks */,
				96C514392C375202009CAE08 /* Resources */,
			);
			buildRules = (
			);
			dependencies = (
			);
			name = Subways;
			packageProductDependencies = (
				96C514732C375588009CAE08 /* SwiftProtobuf */,
				96C514752C375588009CAE08 /* SwiftProtobufPluginLibrary */,
				96C5148B2C379A0A009CAE08 /* Collections */,
				96C5148D2C379A0A009CAE08 /* HeapModule */,
			);
			productName = Subways;
			productReference = 96C5143B2C375202009CAE08 /* Subways.app */;
			productType = "com.apple.product-type.application";
		};
		96C5144D2C375203009CAE08 /* SubwaysTests */ = {
			isa = PBXNativeTarget;
			buildConfigurationList = 96C514652C375203009CAE08 /* Build configuration list for PBXNativeTarget "SubwaysTests" */;
			buildPhases = (
				96C5144A2C375203009CAE08 /* Sources */,
				96C5144B2C375203009CAE08 /* Frameworks */,
				96C5144C2C375203009CAE08 /* Resources */,
			);
			buildRules = (
			);
			dependencies = (
				96C514502C375203009CAE08 /* PBXTargetDependency */,
			);
			name = SubwaysTests;
			productName = SubwaysTests;
			productReference = 96C5144E2C375203009CAE08 /* SubwaysTests.xctest */;
			productType = "com.apple.product-type.bundle.unit-test";
		};
		96C514572C375203009CAE08 /* SubwaysUITests */ = {
			isa = PBXNativeTarget;
			buildConfigurationList = 96C514682C375203009CAE08 /* Build configuration list for PBXNativeTarget "SubwaysUITests" */;
			buildPhases = (
				96C514542C375203009CAE08 /* Sources */,
				96C514552C375203009CAE08 /* Frameworks */,
				96C514562C375203009CAE08 /* Resources */,
			);
			buildRules = (
			);
			dependencies = (
				96C5145A2C375203009CAE08 /* PBXTargetDependency */,
			);
			name = SubwaysUITests;
			productName = SubwaysUITests;
			productReference = 96C514582C375203009CAE08 /* SubwaysUITests.xctest */;
			productType = "com.apple.product-type.bundle.ui-testing";
		};
/* End PBXNativeTarget section */

/* Begin PBXProject section */
		96C514332C375202009CAE08 /* Project object */ = {
			isa = PBXProject;
			attributes = {
				BuildIndependentTargetsInParallel = 1;
				LastSwiftUpdateCheck = 1540;
				LastUpgradeCheck = 1540;
				TargetAttributes = {
					96C5143A2C375202009CAE08 = {
						CreatedOnToolsVersion = 15.4;
					};
					96C5144D2C375203009CAE08 = {
						CreatedOnToolsVersion = 15.4;
						TestTargetID = 96C5143A2C375202009CAE08;
					};
					96C514572C375203009CAE08 = {
						CreatedOnToolsVersion = 15.4;
						TestTargetID = 96C5143A2C375202009CAE08;
					};
				};
			};
			buildConfigurationList = 96C514362C375202009CAE08 /* Build configuration list for PBXProject "Subways" */;
			compatibilityVersion = "Xcode 14.0";
			developmentRegion = en;
			hasScannedForEncodings = 0;
			knownRegions = (
				en,
				Base,
			);
			mainGroup = 96C514322C375202009CAE08;
			packageReferences = (
				96C514722C375588009CAE08 /* XCRemoteSwiftPackageReference "swift-protobuf" */,
				96C5148A2C379A0A009CAE08 /* XCRemoteSwiftPackageReference "swift-collections" */,
			);
			productRefGroup = 96C5143C2C375202009CAE08 /* Products */;
			projectDirPath = "";
			projectRoot = "";
			targets = (
				96C5143A2C375202009CAE08 /* Subways */,
				96C5144D2C375203009CAE08 /* SubwaysTests */,
				96C514572C375203009CAE08 /* SubwaysUITests */,
			);
		};
/* End PBXProject section */

/* Begin PBXResourcesBuildPhase section */
		96C514392C375202009CAE08 /* Resources */ = {
			isa = PBXResourcesBuildPhase;
			buildActionMask = 2147483647;
			files = (
				96C514A02C37A618009CAE08 /* calendar.txt in Resources */,
				96C514A42C37A618009CAE08 /* stops.txt in Resources */,
				96C514492C375203009CAE08 /* Preview Assets.xcassets in Resources */,
				96C514A12C37A618009CAE08 /* routes.txt in Resources */,
				96C514A62C37A618009CAE08 /* trips.txt in Resources */,
				96C514A32C37A618009CAE08 /* stop_times.txt in Resources */,
				96C514452C375203009CAE08 /* Assets.xcassets in Resources */,
				96C5149F2C37A618009CAE08 /* calendar_dates.txt in Resources */,
				96C514A22C37A618009CAE08 /* shapes.txt in Resources */,
				96C5149E2C37A618009CAE08 /* agency.txt in Resources */,
				96C514A52C37A618009CAE08 /* transfers.txt in Resources */,
			);
			runOnlyForDeploymentPostprocessing = 0;
		};
		96C5144C2C375203009CAE08 /* Resources */ = {
			isa = PBXResourcesBuildPhase;
			buildActionMask = 2147483647;
			files = (
			);
			runOnlyForDeploymentPostprocessing = 0;
		};
		96C514562C375203009CAE08 /* Resources */ = {
			isa = PBXResourcesBuildPhase;
			buildActionMask = 2147483647;
			files = (
			);
			runOnlyForDeploymentPostprocessing = 0;
		};
/* End PBXResourcesBuildPhase section */

/* Begin PBXSourcesBuildPhase section */
		96C514372C375202009CAE08 /* Sources */ = {
			isa = PBXSourcesBuildPhase;
			buildActionMask = 2147483647;
			files = (
				96E4DDA12D23700C00DEA3B3 /* StationButton.swift in Sources */,
				96C514412C375202009CAE08 /* ContentView.swift in Sources */,
				96C514932C379E8A009CAE08 /* RouteSymbol.swift in Sources */,
				96E4DD982D21F3A000DEA3B3 /* LastUpdateLabel.swift in Sources */,
				96C5147B2C375E9E009CAE08 /* gtfs-realtime-NYCT.pb.swift in Sources */,
				96A94D152C3CC535008CFC18 /* TrainArrivalList.swift in Sources */,
				96C514872C379322009CAE08 /* Direction.swift in Sources */,
				96C514AA2C37B71B009CAE08 /* Station.swift in Sources */,
				96C5147E2C376608009CAE08 /* MTAService.swift in Sources */,
				96C5143F2C375202009CAE08 /* SubwaysApp.swift in Sources */,
				96C514B62C3AF2B4009CAE08 /* StationRouteSymbols.swift in Sources */,
				96C514832C376C33009CAE08 /* Route.swift in Sources */,
				96E4DD9F2D23252500DEA3B3 /* ViewModel.swift in Sources */,
				96C514812C376C1A009CAE08 /* TrainArrival.swift in Sources */,
				96E4DD942D21323E00DEA3B3 /* QueryStatusLabel.swift in Sources */,
				96E4DD9A2D21F43F00DEA3B3 /* StationArrivalsView.swift in Sources */,
				96C514B42C3AF1AE009CAE08 /* FavoriteStationsView.swift in Sources */,
				96C5147C2C375E9E009CAE08 /* gtfs-realtime.pb.swift in Sources */,
				96C514912C379DE1009CAE08 /* TrainArrivalListItem.swift in Sources */,
				96C514B82C3B03B6009CAE08 /* SearchForStationView.swift in Sources */,
			);
			runOnlyForDeploymentPostprocessing = 0;
		};
		96C5144A2C375203009CAE08 /* Sources */ = {
			isa = PBXSourcesBuildPhase;
			buildActionMask = 2147483647;
			files = (
				96C514532C375203009CAE08 /* SubwaysTests.swift in Sources */,
			);
			runOnlyForDeploymentPostprocessing = 0;
		};
		96C514542C375203009CAE08 /* Sources */ = {
			isa = PBXSourcesBuildPhase;
			buildActionMask = 2147483647;
			files = (
				96C5145D2C375203009CAE08 /* SubwaysUITests.swift in Sources */,
				96C5145F2C375203009CAE08 /* SubwaysUITestsLaunchTests.swift in Sources */,
			);
			runOnlyForDeploymentPostprocessing = 0;
		};
/* End PBXSourcesBuildPhase section */

/* Begin PBXTargetDependency section */
		96C514502C375203009CAE08 /* PBXTargetDependency */ = {
			isa = PBXTargetDependency;
			target = 96C5143A2C375202009CAE08 /* Subways */;
			targetProxy = 96C5144F2C375203009CAE08 /* PBXContainerItemProxy */;
		};
		96C5145A2C375203009CAE08 /* PBXTargetDependency */ = {
			isa = PBXTargetDependency;
			target = 96C5143A2C375202009CAE08 /* Subways */;
			targetProxy = 96C514592C375203009CAE08 /* PBXContainerItemProxy */;
		};
/* End PBXTargetDependency section */

/* Begin XCBuildConfiguration section */
		96C514602C375203009CAE08 /* Debug */ = {
			isa = XCBuildConfiguration;
			buildSettings = {
				ALWAYS_SEARCH_USER_PATHS = NO;
				ASSETCATALOG_COMPILER_GENERATE_SWIFT_ASSET_SYMBOL_EXTENSIONS = YES;
				CLANG_ANALYZER_NONNULL = YES;
				CLANG_ANALYZER_NUMBER_OBJECT_CONVERSION = YES_AGGRESSIVE;
				CLANG_CXX_LANGUAGE_STANDARD = "gnu++20";
				CLANG_ENABLE_MODULES = YES;
				CLANG_ENABLE_OBJC_ARC = YES;
				CLANG_ENABLE_OBJC_WEAK = YES;
				CLANG_WARN_BLOCK_CAPTURE_AUTORELEASING = YES;
				CLANG_WARN_BOOL_CONVERSION = YES;
				CLANG_WARN_COMMA = YES;
				CLANG_WARN_CONSTANT_CONVERSION = YES;
				CLANG_WARN_DEPRECATED_OBJC_IMPLEMENTATIONS = YES;
				CLANG_WARN_DIRECT_OBJC_ISA_USAGE = YES_ERROR;
				CLANG_WARN_DOCUMENTATION_COMMENTS = YES;
				CLANG_WARN_EMPTY_BODY = YES;
				CLANG_WARN_ENUM_CONVERSION = YES;
				CLANG_WARN_INFINITE_RECURSION = YES;
				CLANG_WARN_INT_CONVERSION = YES;
				CLANG_WARN_NON_LITERAL_NULL_CONVERSION = YES;
				CLANG_WARN_OBJC_IMPLICIT_RETAIN_SELF = YES;
				CLANG_WARN_OBJC_LITERAL_CONVERSION = YES;
				CLANG_WARN_OBJC_ROOT_CLASS = YES_ERROR;
				CLANG_WARN_QUOTED_INCLUDE_IN_FRAMEWORK_HEADER = YES;
				CLANG_WARN_RANGE_LOOP_ANALYSIS = YES;
				CLANG_WARN_STRICT_PROTOTYPES = YES;
				CLANG_WARN_SUSPICIOUS_MOVE = YES;
				CLANG_WARN_UNGUARDED_AVAILABILITY = YES_AGGRESSIVE;
				CLANG_WARN_UNREACHABLE_CODE = YES;
				CLANG_WARN__DUPLICATE_METHOD_MATCH = YES;
				COPY_PHASE_STRIP = NO;
				DEBUG_INFORMATION_FORMAT = dwarf;
				ENABLE_STRICT_OBJC_MSGSEND = YES;
				ENABLE_TESTABILITY = YES;
				ENABLE_USER_SCRIPT_SANDBOXING = YES;
				GCC_C_LANGUAGE_STANDARD = gnu17;
				GCC_DYNAMIC_NO_PIC = NO;
				GCC_NO_COMMON_BLOCKS = YES;
				GCC_OPTIMIZATION_LEVEL = 0;
				GCC_PREPROCESSOR_DEFINITIONS = (
					"DEBUG=1",
					"$(inherited)",
				);
				GCC_WARN_64_TO_32_BIT_CONVERSION = YES;
				GCC_WARN_ABOUT_RETURN_TYPE = YES_ERROR;
				GCC_WARN_UNDECLARED_SELECTOR = YES;
				GCC_WARN_UNINITIALIZED_AUTOS = YES_AGGRESSIVE;
				GCC_WARN_UNUSED_FUNCTION = YES;
				GCC_WARN_UNUSED_VARIABLE = YES;
				LOCALIZATION_PREFERS_STRING_CATALOGS = YES;
				MTL_ENABLE_DEBUG_INFO = INCLUDE_SOURCE;
				MTL_FAST_MATH = YES;
				ONLY_ACTIVE_ARCH = YES;
				SWIFT_ACTIVE_COMPILATION_CONDITIONS = "DEBUG $(inherited)";
				SWIFT_OPTIMIZATION_LEVEL = "-Onone";
				SWIFT_STRICT_CONCURRENCY = minimal;
				SWIFT_UPCOMING_FEATURE_EXISTENTIAL_ANY = NO;
			};
			name = Debug;
		};
		96C514612C375203009CAE08 /* Release */ = {
			isa = XCBuildConfiguration;
			buildSettings = {
				ALWAYS_SEARCH_USER_PATHS = NO;
				ASSETCATALOG_COMPILER_GENERATE_SWIFT_ASSET_SYMBOL_EXTENSIONS = YES;
				CLANG_ANALYZER_NONNULL = YES;
				CLANG_ANALYZER_NUMBER_OBJECT_CONVERSION = YES_AGGRESSIVE;
				CLANG_CXX_LANGUAGE_STANDARD = "gnu++20";
				CLANG_ENABLE_MODULES = YES;
				CLANG_ENABLE_OBJC_ARC = YES;
				CLANG_ENABLE_OBJC_WEAK = YES;
				CLANG_WARN_BLOCK_CAPTURE_AUTORELEASING = YES;
				CLANG_WARN_BOOL_CONVERSION = YES;
				CLANG_WARN_COMMA = YES;
				CLANG_WARN_CONSTANT_CONVERSION = YES;
				CLANG_WARN_DEPRECATED_OBJC_IMPLEMENTATIONS = YES;
				CLANG_WARN_DIRECT_OBJC_ISA_USAGE = YES_ERROR;
				CLANG_WARN_DOCUMENTATION_COMMENTS = YES;
				CLANG_WARN_EMPTY_BODY = YES;
				CLANG_WARN_ENUM_CONVERSION = YES;
				CLANG_WARN_INFINITE_RECURSION = YES;
				CLANG_WARN_INT_CONVERSION = YES;
				CLANG_WARN_NON_LITERAL_NULL_CONVERSION = YES;
				CLANG_WARN_OBJC_IMPLICIT_RETAIN_SELF = YES;
				CLANG_WARN_OBJC_LITERAL_CONVERSION = YES;
				CLANG_WARN_OBJC_ROOT_CLASS = YES_ERROR;
				CLANG_WARN_QUOTED_INCLUDE_IN_FRAMEWORK_HEADER = YES;
				CLANG_WARN_RANGE_LOOP_ANALYSIS = YES;
				CLANG_WARN_STRICT_PROTOTYPES = YES;
				CLANG_WARN_SUSPICIOUS_MOVE = YES;
				CLANG_WARN_UNGUARDED_AVAILABILITY = YES_AGGRESSIVE;
				CLANG_WARN_UNREACHABLE_CODE = YES;
				CLANG_WARN__DUPLICATE_METHOD_MATCH = YES;
				COPY_PHASE_STRIP = NO;
				DEBUG_INFORMATION_FORMAT = "dwarf-with-dsym";
				ENABLE_NS_ASSERTIONS = NO;
				ENABLE_STRICT_OBJC_MSGSEND = YES;
				ENABLE_USER_SCRIPT_SANDBOXING = YES;
				GCC_C_LANGUAGE_STANDARD = gnu17;
				GCC_NO_COMMON_BLOCKS = YES;
				GCC_WARN_64_TO_32_BIT_CONVERSION = YES;
				GCC_WARN_ABOUT_RETURN_TYPE = YES_ERROR;
				GCC_WARN_UNDECLARED_SELECTOR = YES;
				GCC_WARN_UNINITIALIZED_AUTOS = YES_AGGRESSIVE;
				GCC_WARN_UNUSED_FUNCTION = YES;
				GCC_WARN_UNUSED_VARIABLE = YES;
				LOCALIZATION_PREFERS_STRING_CATALOGS = YES;
				MTL_ENABLE_DEBUG_INFO = NO;
				MTL_FAST_MATH = YES;
				SWIFT_COMPILATION_MODE = wholemodule;
				SWIFT_STRICT_CONCURRENCY = minimal;
				SWIFT_UPCOMING_FEATURE_EXISTENTIAL_ANY = NO;
			};
			name = Release;
		};
		96C514632C375203009CAE08 /* Debug */ = {
			isa = XCBuildConfiguration;
			buildSettings = {
				ASSETCATALOG_COMPILER_APPICON_NAME = AppIconMap;
				ASSETCATALOG_COMPILER_GLOBAL_ACCENT_COLOR_NAME = AccentColor;
				ASSETCATALOG_COMPILER_INCLUDE_ALL_APPICON_ASSETS = NO;
				CODE_SIGN_ENTITLEMENTS = Subways/Subways.entitlements;
				"CODE_SIGN_IDENTITY[sdk=macosx*]" = "-";
				CODE_SIGN_STYLE = Automatic;
				CURRENT_PROJECT_VERSION = 3;
				DEVELOPMENT_ASSET_PATHS = "\"Subways/Preview Content\"";
				DEVELOPMENT_TEAM = 8BTUZ82YVC;
				ENABLE_HARDENED_RUNTIME = YES;
				ENABLE_PREVIEWS = YES;
				GENERATE_INFOPLIST_FILE = YES;
				INFOPLIST_KEY_CFBundleDisplayName = Subways;
				INFOPLIST_KEY_LSApplicationCategoryType = "public.app-category.navigation";
				"INFOPLIST_KEY_UIApplicationSceneManifest_Generation[sdk=iphoneos*]" = YES;
				"INFOPLIST_KEY_UIApplicationSceneManifest_Generation[sdk=iphonesimulator*]" = YES;
				"INFOPLIST_KEY_UIApplicationSupportsIndirectInputEvents[sdk=iphoneos*]" = YES;
				"INFOPLIST_KEY_UIApplicationSupportsIndirectInputEvents[sdk=iphonesimulator*]" = YES;
				"INFOPLIST_KEY_UILaunchScreen_Generation[sdk=iphoneos*]" = YES;
				"INFOPLIST_KEY_UILaunchScreen_Generation[sdk=iphonesimulator*]" = YES;
				INFOPLIST_KEY_UIStatusBarHidden = NO;
				"INFOPLIST_KEY_UIStatusBarStyle[sdk=iphoneos*]" = UIStatusBarStyleDefault;
				"INFOPLIST_KEY_UIStatusBarStyle[sdk=iphonesimulator*]" = UIStatusBarStyleDefault;
				INFOPLIST_KEY_UISupportedInterfaceOrientations_iPad = "UIInterfaceOrientationPortrait UIInterfaceOrientationPortraitUpsideDown UIInterfaceOrientationLandscapeLeft UIInterfaceOrientationLandscapeRight";
				INFOPLIST_KEY_UISupportedInterfaceOrientations_iPhone = "UIInterfaceOrientationPortrait UIInterfaceOrientationLandscapeLeft UIInterfaceOrientationLandscapeRight";
				IPHONEOS_DEPLOYMENT_TARGET = 17.0;
				LD_RUNPATH_SEARCH_PATHS = "@executable_path/Frameworks";
				"LD_RUNPATH_SEARCH_PATHS[sdk=macosx*]" = "@executable_path/../Frameworks";
				MACOSX_DEPLOYMENT_TARGET = 14.0;
				MARKETING_VERSION = 1.0.0;
				PRODUCT_BUNDLE_IDENTIFIER = com.tejas.Subways;
				PRODUCT_NAME = "$(TARGET_NAME)";
				SDKROOT = auto;
				SUPPORTED_PLATFORMS = "iphoneos iphonesimulator";
				SUPPORTS_MACCATALYST = NO;
				SWIFT_EMIT_LOC_STRINGS = YES;
				SWIFT_VERSION = 5.0;
				TARGETED_DEVICE_FAMILY = "1,2";
			};
			name = Debug;
		};
		96C514642C375203009CAE08 /* Release */ = {
			isa = XCBuildConfiguration;
			buildSettings = {
				ASSETCATALOG_COMPILER_APPICON_NAME = AppIconMap;
				ASSETCATALOG_COMPILER_GLOBAL_ACCENT_COLOR_NAME = AccentColor;
				ASSETCATALOG_COMPILER_INCLUDE_ALL_APPICON_ASSETS = NO;
				CODE_SIGN_ENTITLEMENTS = Subways/Subways.entitlements;
				"CODE_SIGN_IDENTITY[sdk=macosx*]" = "-";
				CODE_SIGN_STYLE = Automatic;
				CURRENT_PROJECT_VERSION = 3;
				DEVELOPMENT_ASSET_PATHS = "\"Subways/Preview Content\"";
				DEVELOPMENT_TEAM = 8BTUZ82YVC;
				ENABLE_HARDENED_RUNTIME = YES;
				ENABLE_PREVIEWS = YES;
				GENERATE_INFOPLIST_FILE = YES;
				INFOPLIST_KEY_CFBundleDisplayName = Subways;
				INFOPLIST_KEY_LSApplicationCategoryType = "public.app-category.navigation";
				"INFOPLIST_KEY_UIApplicationSceneManifest_Generation[sdk=iphoneos*]" = YES;
				"INFOPLIST_KEY_UIApplicationSceneManifest_Generation[sdk=iphonesimulator*]" = YES;
				"INFOPLIST_KEY_UIApplicationSupportsIndirectInputEvents[sdk=iphoneos*]" = YES;
				"INFOPLIST_KEY_UIApplicationSupportsIndirectInputEvents[sdk=iphonesimulator*]" = YES;
				"INFOPLIST_KEY_UILaunchScreen_Generation[sdk=iphoneos*]" = YES;
				"INFOPLIST_KEY_UILaunchScreen_Generation[sdk=iphonesimulator*]" = YES;
				INFOPLIST_KEY_UIStatusBarHidden = NO;
				"INFOPLIST_KEY_UIStatusBarStyle[sdk=iphoneos*]" = UIStatusBarStyleDefault;
				"INFOPLIST_KEY_UIStatusBarStyle[sdk=iphonesimulator*]" = UIStatusBarStyleDefault;
				INFOPLIST_KEY_UISupportedInterfaceOrientations_iPad = "UIInterfaceOrientationPortrait UIInterfaceOrientationPortraitUpsideDown UIInterfaceOrientationLandscapeLeft UIInterfaceOrientationLandscapeRight";
				INFOPLIST_KEY_UISupportedInterfaceOrientations_iPhone = "UIInterfaceOrientationPortrait UIInterfaceOrientationLandscapeLeft UIInterfaceOrientationLandscapeRight";
				IPHONEOS_DEPLOYMENT_TARGET = 17.0;
				LD_RUNPATH_SEARCH_PATHS = "@executable_path/Frameworks";
				"LD_RUNPATH_SEARCH_PATHS[sdk=macosx*]" = "@executable_path/../Frameworks";
				MACOSX_DEPLOYMENT_TARGET = 14.0;
				MARKETING_VERSION = 1.0.0;
				PRODUCT_BUNDLE_IDENTIFIER = com.tejas.Subways;
				PRODUCT_NAME = "$(TARGET_NAME)";
				SDKROOT = auto;
				SUPPORTED_PLATFORMS = "iphoneos iphonesimulator";
				SUPPORTS_MACCATALYST = NO;
				SWIFT_EMIT_LOC_STRINGS = YES;
				SWIFT_VERSION = 5.0;
				TARGETED_DEVICE_FAMILY = "1,2";
			};
			name = Release;
		};
		96C514662C375203009CAE08 /* Debug */ = {
			isa = XCBuildConfiguration;
			buildSettings = {
				ALWAYS_EMBED_SWIFT_STANDARD_LIBRARIES = YES;
				BUNDLE_LOADER = "$(TEST_HOST)";
				CODE_SIGN_STYLE = Automatic;
				CURRENT_PROJECT_VERSION = 1;
				DEVELOPMENT_TEAM = 8BTUZ82YVC;
				GENERATE_INFOPLIST_FILE = YES;
				IPHONEOS_DEPLOYMENT_TARGET = 17.0;
				MACOSX_DEPLOYMENT_TARGET = 14.5;
				MARKETING_VERSION = 1.0;
				PRODUCT_BUNDLE_IDENTIFIER = com.tejas.SubwaysTests;
				PRODUCT_NAME = "$(TARGET_NAME)";
				SDKROOT = auto;
				SUPPORTED_PLATFORMS = "iphoneos iphonesimulator macosx";
				SWIFT_EMIT_LOC_STRINGS = NO;
				SWIFT_VERSION = 5.0;
				TARGETED_DEVICE_FAMILY = "1,2";
				TEST_HOST = "$(BUILT_PRODUCTS_DIR)/Subways.app/$(BUNDLE_EXECUTABLE_FOLDER_PATH)/Subways";
			};
			name = Debug;
		};
		96C514672C375203009CAE08 /* Release */ = {
			isa = XCBuildConfiguration;
			buildSettings = {
				ALWAYS_EMBED_SWIFT_STANDARD_LIBRARIES = YES;
				BUNDLE_LOADER = "$(TEST_HOST)";
				CODE_SIGN_STYLE = Automatic;
				CURRENT_PROJECT_VERSION = 1;
				DEVELOPMENT_TEAM = 8BTUZ82YVC;
				GENERATE_INFOPLIST_FILE = YES;
				IPHONEOS_DEPLOYMENT_TARGET = 17.0;
				MACOSX_DEPLOYMENT_TARGET = 14.5;
				MARKETING_VERSION = 1.0;
				PRODUCT_BUNDLE_IDENTIFIER = com.tejas.SubwaysTests;
				PRODUCT_NAME = "$(TARGET_NAME)";
				SDKROOT = auto;
				SUPPORTED_PLATFORMS = "iphoneos iphonesimulator macosx";
				SWIFT_EMIT_LOC_STRINGS = NO;
				SWIFT_VERSION = 5.0;
				TARGETED_DEVICE_FAMILY = "1,2";
				TEST_HOST = "$(BUILT_PRODUCTS_DIR)/Subways.app/$(BUNDLE_EXECUTABLE_FOLDER_PATH)/Subways";
			};
			name = Release;
		};
		96C514692C375203009CAE08 /* Debug */ = {
			isa = XCBuildConfiguration;
			buildSettings = {
				ALWAYS_EMBED_SWIFT_STANDARD_LIBRARIES = YES;
				CODE_SIGN_STYLE = Automatic;
				CURRENT_PROJECT_VERSION = 1;
				DEVELOPMENT_TEAM = 8BTUZ82YVC;
				GENERATE_INFOPLIST_FILE = YES;
				IPHONEOS_DEPLOYMENT_TARGET = 17.0;
				MACOSX_DEPLOYMENT_TARGET = 14.5;
				MARKETING_VERSION = 1.0;
				PRODUCT_BUNDLE_IDENTIFIER = com.tejas.SubwaysUITests;
				PRODUCT_NAME = "$(TARGET_NAME)";
				SDKROOT = auto;
				SUPPORTED_PLATFORMS = "iphoneos iphonesimulator macosx";
				SWIFT_EMIT_LOC_STRINGS = NO;
				SWIFT_VERSION = 5.0;
				TARGETED_DEVICE_FAMILY = "1,2";
				TEST_TARGET_NAME = Subways;
			};
			name = Debug;
		};
		96C5146A2C375203009CAE08 /* Release */ = {
			isa = XCBuildConfiguration;
			buildSettings = {
				ALWAYS_EMBED_SWIFT_STANDARD_LIBRARIES = YES;
				CODE_SIGN_STYLE = Automatic;
				CURRENT_PROJECT_VERSION = 1;
				DEVELOPMENT_TEAM = 8BTUZ82YVC;
				GENERATE_INFOPLIST_FILE = YES;
				IPHONEOS_DEPLOYMENT_TARGET = 17.0;
				MACOSX_DEPLOYMENT_TARGET = 14.5;
				MARKETING_VERSION = 1.0;
				PRODUCT_BUNDLE_IDENTIFIER = com.tejas.SubwaysUITests;
				PRODUCT_NAME = "$(TARGET_NAME)";
				SDKROOT = auto;
				SUPPORTED_PLATFORMS = "iphoneos iphonesimulator macosx";
				SWIFT_EMIT_LOC_STRINGS = NO;
				SWIFT_VERSION = 5.0;
				TARGETED_DEVICE_FAMILY = "1,2";
				TEST_TARGET_NAME = Subways;
			};
			name = Release;
		};
/* End XCBuildConfiguration section */

/* Begin XCConfigurationList section */
		96C514362C375202009CAE08 /* Build configuration list for PBXProject "Subways" */ = {
			isa = XCConfigurationList;
			buildConfigurations = (
				96C514602C375203009CAE08 /* Debug */,
				96C514612C375203009CAE08 /* Release */,
			);
			defaultConfigurationIsVisible = 0;
			defaultConfigurationName = Release;
		};
		96C514622C375203009CAE08 /* Build configuration list for PBXNativeTarget "Subways" */ = {
			isa = XCConfigurationList;
			buildConfigurations = (
				96C514632C375203009CAE08 /* Debug */,
				96C514642C375203009CAE08 /* Release */,
			);
			defaultConfigurationIsVisible = 0;
			defaultConfigurationName = Release;
		};
		96C514652C375203009CAE08 /* Build configuration list for PBXNativeTarget "SubwaysTests" */ = {
			isa = XCConfigurationList;
			buildConfigurations = (
				96C514662C375203009CAE08 /* Debug */,
				96C514672C375203009CAE08 /* Release */,
			);
			defaultConfigurationIsVisible = 0;
			defaultConfigurationName = Release;
		};
		96C514682C375203009CAE08 /* Build configuration list for PBXNativeTarget "SubwaysUITests" */ = {
			isa = XCConfigurationList;
			buildConfigurations = (
				96C514692C375203009CAE08 /* Debug */,
				96C5146A2C375203009CAE08 /* Release */,
			);
			defaultConfigurationIsVisible = 0;
			defaultConfigurationName = Release;
		};
/* End XCConfigurationList section */

/* Begin XCRemoteSwiftPackageReference section */
		96C514722C375588009CAE08 /* XCRemoteSwiftPackageReference "swift-protobuf" */ = {
			isa = XCRemoteSwiftPackageReference;
			repositoryURL = "https://github.com/apple/swift-protobuf.git";
			requirement = {
				kind = upToNextMajorVersion;
				minimumVersion = 1.26.0;
			};
		};
		96C5148A2C379A0A009CAE08 /* XCRemoteSwiftPackageReference "swift-collections" */ = {
			isa = XCRemoteSwiftPackageReference;
			repositoryURL = "https://github.com/apple/swift-collections.git";
			requirement = {
				kind = upToNextMajorVersion;
				minimumVersion = 1.1.1;
			};
		};
/* End XCRemoteSwiftPackageReference section */

/* Begin XCSwiftPackageProductDependency section */
		96C514732C375588009CAE08 /* SwiftProtobuf */ = {
			isa = XCSwiftPackageProductDependency;
			package = 96C514722C375588009CAE08 /* XCRemoteSwiftPackageReference "swift-protobuf" */;
			productName = SwiftProtobuf;
		};
		96C514752C375588009CAE08 /* SwiftProtobufPluginLibrary */ = {
			isa = XCSwiftPackageProductDependency;
			package = 96C514722C375588009CAE08 /* XCRemoteSwiftPackageReference "swift-protobuf" */;
			productName = SwiftProtobufPluginLibrary;
		};
		96C5148B2C379A0A009CAE08 /* Collections */ = {
			isa = XCSwiftPackageProductDependency;
			package = 96C5148A2C379A0A009CAE08 /* XCRemoteSwiftPackageReference "swift-collections" */;
			productName = Collections;
		};
		96C5148D2C379A0A009CAE08 /* HeapModule */ = {
			isa = XCSwiftPackageProductDependency;
			package = 96C5148A2C379A0A009CAE08 /* XCRemoteSwiftPackageReference "swift-collections" */;
			productName = HeapModule;
		};
/* End XCSwiftPackageProductDependency section */
	};
	rootObject = 96C514332C375202009CAE08 /* Project object */;
}
